// !$*UTF8*$!
{
	archiveVersion = 1;
	classes = {
	};
	objectVersion = 56;
	objects = {

/* Begin PBXBuildFile section */
		FBB3DB462AD80527003E9CD4 /* AppDelegate.swift in Sources */ = {isa = PBXBuildFile; fileRef = FBB3DB452AD80527003E9CD4 /* AppDelegate.swift */; };
		FBB3DB482AD80527003E9CD4 /* SceneDelegate.swift in Sources */ = {isa = PBXBuildFile; fileRef = FBB3DB472AD80527003E9CD4 /* SceneDelegate.swift */; };
		FBB3DB4A2AD80527003E9CD4 /* ViewController.swift in Sources */ = {isa = PBXBuildFile; fileRef = FBB3DB492AD80527003E9CD4 /* ViewController.swift */; };
		FBB3DB4D2AD80527003E9CD4 /* Main.storyboard in Resources */ = {isa = PBXBuildFile; fileRef = FBB3DB4B2AD80527003E9CD4 /* Main.storyboard */; };
		FBB3DB4F2AD80528003E9CD4 /* Assets.xcassets in Resources */ = {isa = PBXBuildFile; fileRef = FBB3DB4E2AD80528003E9CD4 /* Assets.xcassets */; };
		FBB3DB522AD80528003E9CD4 /* LaunchScreen.storyboard in Resources */ = {isa = PBXBuildFile; fileRef = FBB3DB502AD80528003E9CD4 /* LaunchScreen.storyboard */; };
		FBB3DB5A2AD8230E003E9CD4 /* HomeViewController.swift in Sources */ = {isa = PBXBuildFile; fileRef = FBB3DB592AD8230E003E9CD4 /* HomeViewController.swift */; };
		FBB3DB5C2AD84E4E003E9CD4 /* HomeViewModel.swift in Sources */ = {isa = PBXBuildFile; fileRef = FBB3DB5B2AD84E4E003E9CD4 /* HomeViewModel.swift */; };
		FBB3DB5E2AD84E6F003E9CD4 /* HomeModel.swift in Sources */ = {isa = PBXBuildFile; fileRef = FBB3DB5D2AD84E6F003E9CD4 /* HomeModel.swift */; };
		FBB3DB602AD85607003E9CD4 /* HomeCollectionViewCell.swift in Sources */ = {isa = PBXBuildFile; fileRef = FBB3DB5F2AD85607003E9CD4 /* HomeCollectionViewCell.swift */; };
		FBB3DB622AD86067003E9CD4 /* HomeHeaderCollectionReusableView.swift in Sources */ = {isa = PBXBuildFile; fileRef = FBB3DB612AD86067003E9CD4 /* HomeHeaderCollectionReusableView.swift */; };
/* End PBXBuildFile section */

/* Begin PBXFileReference section */
		FBB3DB422AD80527003E9CD4 /* GetirDesignTask.app */ = {isa = PBXFileReference; explicitFileType = wrapper.application; includeInIndex = 0; path = GetirDesignTask.app; sourceTree = BUILT_PRODUCTS_DIR; };
		FBB3DB452AD80527003E9CD4 /* AppDelegate.swift */ = {isa = PBXFileReference; lastKnownFileType = sourcecode.swift; path = AppDelegate.swift; sourceTree = "<group>"; };
		FBB3DB472AD80527003E9CD4 /* SceneDelegate.swift */ = {isa = PBXFileReference; lastKnownFileType = sourcecode.swift; path = SceneDelegate.swift; sourceTree = "<group>"; };
		FBB3DB492AD80527003E9CD4 /* ViewController.swift */ = {isa = PBXFileReference; lastKnownFileType = sourcecode.swift; path = ViewController.swift; sourceTree = "<group>"; };
		FBB3DB4C2AD80527003E9CD4 /* Base */ = {isa = PBXFileReference; lastKnownFileType = file.storyboard; name = Base; path = Base.lproj/Main.storyboard; sourceTree = "<group>"; };
		FBB3DB4E2AD80528003E9CD4 /* Assets.xcassets */ = {isa = PBXFileReference; lastKnownFileType = folder.assetcatalog; path = Assets.xcassets; sourceTree = "<group>"; };
		FBB3DB512AD80528003E9CD4 /* Base */ = {isa = PBXFileReference; lastKnownFileType = file.storyboard; name = Base; path = Base.lproj/LaunchScreen.storyboard; sourceTree = "<group>"; };
		FBB3DB532AD80528003E9CD4 /* Info.plist */ = {isa = PBXFileReference; lastKnownFileType = text.plist.xml; path = Info.plist; sourceTree = "<group>"; };
		FBB3DB592AD8230E003E9CD4 /* HomeViewController.swift */ = {isa = PBXFileReference; lastKnownFileType = sourcecode.swift; path = HomeViewController.swift; sourceTree = "<group>"; };
		FBB3DB5B2AD84E4E003E9CD4 /* HomeViewModel.swift */ = {isa = PBXFileReference; lastKnownFileType = sourcecode.swift; path = HomeViewModel.swift; sourceTree = "<group>"; };
		FBB3DB5D2AD84E6F003E9CD4 /* HomeModel.swift */ = {isa = PBXFileReference; lastKnownFileType = sourcecode.swift; path = HomeModel.swift; sourceTree = "<group>"; };
		FBB3DB5F2AD85607003E9CD4 /* HomeCollectionViewCell.swift */ = {isa = PBXFileReference; lastKnownFileType = sourcecode.swift; path = HomeCollectionViewCell.swift; sourceTree = "<group>"; };
		FBB3DB612AD86067003E9CD4 /* HomeHeaderCollectionReusableView.swift */ = {isa = PBXFileReference; lastKnownFileType = sourcecode.swift; path = HomeHeaderCollectionReusableView.swift; sourceTree = "<group>"; };
/* End PBXFileReference section */

/* Begin PBXFrameworksBuildPhase section */
		FBB3DB3F2AD80527003E9CD4 /* Frameworks */ = {
			isa = PBXFrameworksBuildPhase;
			buildActionMask = 2147483647;
			files = (
			);
			runOnlyForDeploymentPostprocessing = 0;
		};
/* End PBXFrameworksBuildPhase section */

/* Begin PBXGroup section */
		FBB3DB392AD80527003E9CD4 = {
			isa = PBXGroup;
			children = (
				FBB3DB442AD80527003E9CD4 /* GetirDesignTask */,
				FBB3DB432AD80527003E9CD4 /* Products */,
			);
			sourceTree = "<group>";
		};
		FBB3DB432AD80527003E9CD4 /* Products */ = {
			isa = PBXGroup;
			children = (
				FBB3DB422AD80527003E9CD4 /* GetirDesignTask.app */,
			);
			name = Products;
			sourceTree = "<group>";
		};
		FBB3DB442AD80527003E9CD4 /* GetirDesignTask */ = {
			isa = PBXGroup;
			children = (
				FBB3DB452AD80527003E9CD4 /* AppDelegate.swift */,
				FBB3DB472AD80527003E9CD4 /* SceneDelegate.swift */,
				FBB3DB492AD80527003E9CD4 /* ViewController.swift */,
				FBB3DB612AD86067003E9CD4 /* HomeHeaderCollectionReusableView.swift */,
				FBB3DB5F2AD85607003E9CD4 /* HomeCollectionViewCell.swift */,
				FBB3DB5D2AD84E6F003E9CD4 /* HomeModel.swift */,
				FBB3DB5B2AD84E4E003E9CD4 /* HomeViewModel.swift */,
				FBB3DB592AD8230E003E9CD4 /* HomeViewController.swift */,
				FBB3DB4B2AD80527003E9CD4 /* Main.storyboard */,
				FBB3DB4E2AD80528003E9CD4 /* Assets.xcassets */,
				FBB3DB502AD80528003E9CD4 /* LaunchScreen.storyboard */,
				FBB3DB532AD80528003E9CD4 /* Info.plist */,
			);
			path = GetirDesignTask;
			sourceTree = "<group>";
		};
/* End PBXGroup section */

/* Begin PBXNativeTarget section */
		FBB3DB412AD80527003E9CD4 /* GetirDesignTask */ = {
			isa = PBXNativeTarget;
			buildConfigurationList = FBB3DB562AD80528003E9CD4 /* Build configuration list for PBXNativeTarget "GetirDesignTask" */;
			buildPhases = (
				FBB3DB3E2AD80527003E9CD4 /* Sources */,
				FBB3DB3F2AD80527003E9CD4 /* Frameworks */,
				FBB3DB402AD80527003E9CD4 /* Resources */,
			);
			buildRules = (
			);
			dependencies = (
			);
			name = GetirDesignTask;
			productName = GetirDesignTask;
			productReference = FBB3DB422AD80527003E9CD4 /* GetirDesignTask.app */;
			productType = "com.apple.product-type.application";
		};
/* End PBXNativeTarget section */

/* Begin PBXProject section */
		FBB3DB3A2AD80527003E9CD4 /* Project object */ = {
			isa = PBXProject;
			attributes = {
				BuildIndependentTargetsInParallel = 1;
				LastSwiftUpdateCheck = 1430;
				LastUpgradeCheck = 1430;
				TargetAttributes = {
					FBB3DB412AD80527003E9CD4 = {
						CreatedOnToolsVersion = 14.3.1;
					};
				};
			};
			buildConfigurationList = FBB3DB3D2AD80527003E9CD4 /* Build configuration list for PBXProject "GetirDesignTask" */;
			compatibilityVersion = "Xcode 14.0";
			developmentRegion = en;
			hasScannedForEncodings = 0;
			knownRegions = (
				en,
				Base,
			);
			mainGroup = FBB3DB392AD80527003E9CD4;
			productRefGroup = FBB3DB432AD80527003E9CD4 /* Products */;
			projectDirPath = "";
			projectRoot = "";
			targets = (
				FBB3DB412AD80527003E9CD4 /* GetirDesignTask */,
			);
		};
/* End PBXProject section */

/* Begin PBXResourcesBuildPhase section */
		FBB3DB402AD80527003E9CD4 /* Resources */ = {
			isa = PBXResourcesBuildPhase;
			buildActionMask = 2147483647;
			files = (
				FBB3DB522AD80528003E9CD4 /* LaunchScreen.storyboard in Resources */,
				FBB3DB4F2AD80528003E9CD4 /* Assets.xcassets in Resources */,
				FBB3DB4D2AD80527003E9CD4 /* Main.storyboard in Resources */,
			);
			runOnlyForDeploymentPostprocessing = 0;
		};
/* End PBXResourcesBuildPhase section */

/* Begin PBXSourcesBuildPhase section */
		FBB3DB3E2AD80527003E9CD4 /* Sources */ = {
			isa = PBXSourcesBuildPhase;
			buildActionMask = 2147483647;
			files = (
				FBB3DB602AD85607003E9CD4 /* HomeCollectionViewCell.swift in Sources */,
				FBB3DB4A2AD80527003E9CD4 /* ViewController.swift in Sources */,
				FBB3DB462AD80527003E9CD4 /* AppDelegate.swift in Sources */,
				FBB3DB5E2AD84E6F003E9CD4 /* HomeModel.swift in Sources */,
				FBB3DB482AD80527003E9CD4 /* SceneDelegate.swift in Sources */,
				FBB3DB622AD86067003E9CD4 /* HomeHeaderCollectionReusableView.swift in Sources */,
				FBB3DB5C2AD84E4E003E9CD4 /* HomeViewModel.swift in Sources */,
				FBB3DB5A2AD8230E003E9CD4 /* HomeViewController.swift in Sources */,
			);
			runOnlyForDeploymentPostprocessing = 0;
		};
/* End PBXSourcesBuildPhase section */

/* Begin PBXVariantGroup section */
		FBB3DB4B2AD80527003E9CD4 /* Main.storyboard */ = {
			isa = PBXVariantGroup;
			children = (
				FBB3DB4C2AD80527003E9CD4 /* Base */,
			);
			name = Main.storyboard;
			sourceTree = "<group>";
		};
		FBB3DB502AD80528003E9CD4 /* LaunchScreen.storyboard */ = {
			isa = PBXVariantGroup;
			children = (
				FBB3DB512AD80528003E9CD4 /* Base */,
			);
			name = LaunchScreen.storyboard;
			sourceTree = "<group>";
		};
/* End PBXVariantGroup section */

/* Begin XCBuildConfiguration section */
		FBB3DB542AD80528003E9CD4 /* Debug */ = {
			isa = XCBuildConfiguration;
			buildSettings = {
				ALWAYS_SEARCH_USER_PATHS = NO;
				CLANG_ANALYZER_NONNULL = YES;
				CLANG_ANALYZER_NUMBER_OBJECT_CONVERSION = YES_AGGRESSIVE;
				CLANG_CXX_LANGUAGE_STANDARD = "gnu++20";
				CLANG_ENABLE_MODULES = YES;
				CLANG_ENABLE_OBJC_ARC = YES;
				CLANG_ENABLE_OBJC_WEAK = YES;
				CLANG_WARN_BLOCK_CAPTURE_AUTORELEASING = YES;
				CLANG_WARN_BOOL_CONVERSION = YES;
				CLANG_WARN_COMMA = YES;
				CLANG_WARN_CONSTANT_CONVERSION = YES;
				CLANG_WARN_DEPRECATED_OBJC_IMPLEMENTATIONS = YES;
				CLANG_WARN_DIRECT_OBJC_ISA_USAGE = YES_ERROR;
				CLANG_WARN_DOCUMENTATION_COMMENTS = YES;
				CLANG_WARN_EMPTY_BODY = YES;
				CLANG_WARN_ENUM_CONVERSION = YES;
				CLANG_WARN_INFINITE_RECURSION = YES;
				CLANG_WARN_INT_CONVERSION = YES;
				CLANG_WARN_NON_LITERAL_NULL_CONVERSION = YES;
				CLANG_WARN_OBJC_IMPLICIT_RETAIN_SELF = YES;
				CLANG_WARN_OBJC_LITERAL_CONVERSION = YES;
				CLANG_WARN_OBJC_ROOT_CLASS = YES_ERROR;
				CLANG_WARN_QUOTED_INCLUDE_IN_FRAMEWORK_HEADER = YES;
				CLANG_WARN_RANGE_LOOP_ANALYSIS = YES;
				CLANG_WARN_STRICT_PROTOTYPES = YES;
				CLANG_WARN_SUSPICIOUS_MOVE = YES;
				CLANG_WARN_UNGUARDED_AVAILABILITY = YES_AGGRESSIVE;
				CLANG_WARN_UNREACHABLE_CODE = YES;
				CLANG_WARN__DUPLICATE_METHOD_MATCH = YES;
				COPY_PHASE_STRIP = NO;
				DEBUG_INFORMATION_FORMAT = dwarf;
				ENABLE_STRICT_OBJC_MSGSEND = YES;
				ENABLE_TESTABILITY = YES;
				GCC_C_LANGUAGE_STANDARD = gnu11;
				GCC_DYNAMIC_NO_PIC = NO;
				GCC_NO_COMMON_BLOCKS = YES;
				GCC_OPTIMIZATION_LEVEL = 0;
				GCC_PREPROCESSOR_DEFINITIONS = (
					"DEBUG=1",
					"$(inherited)",
				);
				GCC_WARN_64_TO_32_BIT_CONVERSION = YES;
				GCC_WARN_ABOUT_RETURN_TYPE = YES_ERROR;
				GCC_WARN_UNDECLARED_SELECTOR = YES;
				GCC_WARN_UNINITIALIZED_AUTOS = YES_AGGRESSIVE;
				GCC_WARN_UNUSED_FUNCTION = YES;
				GCC_WARN_UNUSED_VARIABLE = YES;
				IPHONEOS_DEPLOYMENT_TARGET = 16.4;
				MTL_ENABLE_DEBUG_INFO = INCLUDE_SOURCE;
				MTL_FAST_MATH = YES;
				ONLY_ACTIVE_ARCH = YES;
				SDKROOT = iphoneos;
				SWIFT_ACTIVE_COMPILATION_CONDITIONS = DEBUG;
				SWIFT_OPTIMIZATION_LEVEL = "-Onone";
			};
			name = Debug;
		};
		FBB3DB552AD80528003E9CD4 /* Release */ = {
			isa = XCBuildConfiguration;
			buildSettings = {
				ALWAYS_SEARCH_USER_PATHS = NO;
				CLANG_ANALYZER_NONNULL = YES;
				CLANG_ANALYZER_NUMBER_OBJECT_CONVERSION = YES_AGGRESSIVE;
				CLANG_CXX_LANGUAGE_STANDARD = "gnu++20";
				CLANG_ENABLE_MODULES = YES;
				CLANG_ENABLE_OBJC_ARC = YES;
				CLANG_ENABLE_OBJC_WEAK = YES;
				CLANG_WARN_BLOCK_CAPTURE_AUTORELEASING = YES;
				CLANG_WARN_BOOL_CONVERSION = YES;
				CLANG_WARN_COMMA = YES;
				CLANG_WARN_CONSTANT_CONVERSION = YES;
				CLANG_WARN_DEPRECATED_OBJC_IMPLEMENTATIONS = YES;
				CLANG_WARN_DIRECT_OBJC_ISA_USAGE = YES_ERROR;
				CLANG_WARN_DOCUMENTATION_COMMENTS = YES;
				CLANG_WARN_EMPTY_BODY = YES;
				CLANG_WARN_ENUM_CONVERSION = YES;
				CLANG_WARN_INFINITE_RECURSION = YES;
				CLANG_WARN_INT_CONVERSION = YES;
				CLANG_WARN_NON_LITERAL_NULL_CONVERSION = YES;
				CLANG_WARN_OBJC_IMPLICIT_RETAIN_SELF = YES;
				CLANG_WARN_OBJC_LITERAL_CONVERSION = YES;
				CLANG_WARN_OBJC_ROOT_CLASS = YES_ERROR;
				CLANG_WARN_QUOTED_INCLUDE_IN_FRAMEWORK_HEADER = YES;
				CLANG_WARN_RANGE_LOOP_ANALYSIS = YES;
				CLANG_WARN_STRICT_PROTOTYPES = YES;
				CLANG_WARN_SUSPICIOUS_MOVE = YES;
				CLANG_WARN_UNGUARDED_AVAILABILITY = YES_AGGRESSIVE;
				CLANG_WARN_UNREACHABLE_CODE = YES;
				CLANG_WARN__DUPLICATE_METHOD_MATCH = YES;
				COPY_PHASE_STRIP = NO;
				DEBUG_INFORMATION_FORMAT = "dwarf-with-dsym";
				ENABLE_NS_ASSERTIONS = NO;
				ENABLE_STRICT_OBJC_MSGSEND = YES;
				GCC_C_LANGUAGE_STANDARD = gnu11;
				GCC_NO_COMMON_BLOCKS = YES;
				GCC_WARN_64_TO_32_BIT_CONVERSION = YES;
				GCC_WARN_ABOUT_RETURN_TYPE = YES_ERROR;
				GCC_WARN_UNDECLARED_SELECTOR = YES;
				GCC_WARN_UNINITIALIZED_AUTOS = YES_AGGRESSIVE;
				GCC_WARN_UNUSED_FUNCTION = YES;
				GCC_WARN_UNUSED_VARIABLE = YES;
				IPHONEOS_DEPLOYMENT_TARGET = 16.4;
				MTL_ENABLE_DEBUG_INFO = NO;
				MTL_FAST_MATH = YES;
				SDKROOT = iphoneos;
				SWIFT_COMPILATION_MODE = wholemodule;
				SWIFT_OPTIMIZATION_LEVEL = "-O";
				VALIDATE_PRODUCT = YES;
			};
			name = Release;
		};
		FBB3DB572AD80528003E9CD4 /* Debug */ = {
			isa = XCBuildConfiguration;
			buildSettings = {
				ASSETCATALOG_COMPILER_APPICON_NAME = AppIcon;
				ASSETCATALOG_COMPILER_GLOBAL_ACCENT_COLOR_NAME = AccentColor;
				CODE_SIGN_STYLE = Automatic;
				CURRENT_PROJECT_VERSION = 1;
				DEVELOPMENT_TEAM = A94ZNMJSTF;
				GENERATE_INFOPLIST_FILE = YES;
				INFOPLIST_FILE = GetirDesignTask/Info.plist;
				INFOPLIST_KEY_UIApplicationSupportsIndirectInputEvents = YES;
				INFOPLIST_KEY_UILaunchStoryboardName = LaunchScreen;
				INFOPLIST_KEY_UIMainStoryboardFile = Main;
				INFOPLIST_KEY_UISupportedInterfaceOrientations_iPad = "UIInterfaceOrientationPortrait UIInterfaceOrientationPortraitUpsideDown UIInterfaceOrientationLandscapeLeft UIInterfaceOrientationLandscapeRight";
				INFOPLIST_KEY_UISupportedInterfaceOrientations_iPhone = "UIInterfaceOrientationPortrait UIInterfaceOrientationLandscapeLeft UIInterfaceOrientationLandscapeRight";
				LD_RUNPATH_SEARCH_PATHS = (
					"$(inherited)",
					"@executable_path/Frameworks",
				);
				MARKETING_VERSION = 1.0;
				PRODUCT_BUNDLE_IDENTIFIER = com.muratala.GetirDesignTask;
				PRODUCT_NAME = "$(TARGET_NAME)";
				SWIFT_EMIT_LOC_STRINGS = YES;
				SWIFT_VERSION = 5.0;
				TARGETED_DEVICE_FAMILY = "1,2";
			};
			name = Debug;
		};
		FBB3DB582AD80528003E9CD4 /* Release */ = {
			isa = XCBuildConfiguration;
			buildSettings = {
				ASSETCATALOG_COMPILER_APPICON_NAME = AppIcon;
				ASSETCATALOG_COMPILER_GLOBAL_ACCENT_COLOR_NAME = AccentColor;
				CODE_SIGN_STYLE = Automatic;
				CURRENT_PROJECT_VERSION = 1;
				DEVELOPMENT_TEAM = A94ZNMJSTF;
				GENERATE_INFOPLIST_FILE = YES;
				INFOPLIST_FILE = GetirDesignTask/Info.plist;
				INFOPLIST_KEY_UIApplicationSupportsIndirectInputEvents = YES;
				INFOPLIST_KEY_UILaunchStoryboardName = LaunchScreen;
				INFOPLIST_KEY_UIMainStoryboardFile = Main;
				INFOPLIST_KEY_UISupportedInterfaceOrientations_iPad = "UIInterfaceOrientationPortrait UIInterfaceOrientationPortraitUpsideDown UIInterfaceOrientationLandscapeLeft UIInterfaceOrientationLandscapeRight";
				INFOPLIST_KEY_UISupportedInterfaceOrientations_iPhone = "UIInterfaceOrientationPortrait UIInterfaceOrientationLandscapeLeft UIInterfaceOrientationLandscapeRight";
				LD_RUNPATH_SEARCH_PATHS = (
					"$(inherited)",
					"@executable_path/Frameworks",
				);
				MARKETING_VERSION = 1.0;
				PRODUCT_BUNDLE_IDENTIFIER = com.muratala.GetirDesignTask;
				PRODUCT_NAME = "$(TARGET_NAME)";
				SWIFT_EMIT_LOC_STRINGS = YES;
				SWIFT_VERSION = 5.0;
				TARGETED_DEVICE_FAMILY = "1,2";
			};
			name = Release;
		};
/* End XCBuildConfiguration section */

/* Begin XCConfigurationList section */
		FBB3DB3D2AD80527003E9CD4 /* Build configuration list for PBXProject "GetirDesignTask" */ = {
			isa = XCConfigurationList;
			buildConfigurations = (
				FBB3DB542AD80528003E9CD4 /* Debug */,
				FBB3DB552AD80528003E9CD4 /* Release */,
			);
			defaultConfigurationIsVisible = 0;
			defaultConfigurationName = Release;
		};
		FBB3DB562AD80528003E9CD4 /* Build configuration list for PBXNativeTarget "GetirDesignTask" */ = {
			isa = XCConfigurationList;
			buildConfigurations = (
				FBB3DB572AD80528003E9CD4 /* Debug */,
				FBB3DB582AD80528003E9CD4 /* Release */,
			);
			defaultConfigurationIsVisible = 0;
			defaultConfigurationName = Release;
		};
/* End XCConfigurationList section */
	};
	rootObject = FBB3DB3A2AD80527003E9CD4 /* Project object */;
}
